{
  "sources": {
    "primero": {
      "path": "./cookbook"
    },
    "rvm": {
      "locked_version": "0.9.1",
      "git": "https://github.com/fnichol/chef-rvm.git",
      "ref": "87f58d428c160337c1581ed1130a1a53d94e5126"
    },
    "couchdb": {
      "locked_version": "2.5.1"
    },
    "erlang": {
      "locked_version": "1.5.0"
    },
    "apt": {
      "locked_version": "2.3.8"
    },
    "yum": {
      "locked_version": "3.1.2"
    },
    "yum-epel": {
      "locked_version": "0.3.4"
    },
    "yum-erlang_solutions": {
      "locked_version": "0.2.0"
    },
    "build-essential": {
      "locked_version": "1.4.2"
    },
    "nginx": {
      "locked_version": "2.4.2"
    },
    "bluepill": {
      "locked_version": "2.3.1"
    },
    "rsyslog": {
      "locked_version": "1.11.0"
    },
    "ohai": {
      "locked_version": "1.1.12"
    },
    "runit": {
      "locked_version": "1.5.8"
    },
    "sudo": {
      "locked_version": "2.5.2"
    },
    "java": {
      "locked_version": "1.20.0"
    },
    "chef_gem": {
      "locked_version": "0.1.0"
    }
  }
}
