DEPENDENCIES
  chef-unattended-upgrades
    git: https://github.com/Quoin/chef-unattended-upgrades.git
    revision: 13b0b86386d87ee4d19ae62451ca7f37b9c87d02
    ref: 13b0b86
  couchdb
    git: https://github.com/Quoin/couchdb-cookbook.git
    revision: a673f71a82b2549dd6c17987d3b76117d05d15f7
    ref: a673f71
  limits (~> 1.0.0)
  primero
    path: .
    metadata: true
  rvm
    git: https://github.com/fnichol/chef-rvm.git
    revision: dd58087e7399097a9b9df4e2e7235908aace2afd
  sudo
    git: https://github.com/opscode-cookbooks/sudo.git
    revision: cbd703cac77b7900674131441a22323f7d88d1c7
    ref: cbd703c
  sysctl (~> 0.7.0)

GRAPH
  apt (2.3.10)
  bluepill (2.3.1)
    rsyslog (>= 0.0.0)
  build-essential (2.0.2)
  chef-unattended-upgrades (1.0.1)
    apt (>= 0.0.0)
  chef_gem (0.1.0)
  couchdb (2.5.2)
    erlang (>= 0.0.0)
    yum (~> 3.0)
    yum-epel (>= 0.0.0)
  erlang (1.5.4)
    apt (>= 1.7.0)
    build-essential (>= 0.0.0)
    yum (~> 3.0)
    yum-epel (>= 0.0.0)
    yum-erlang_solutions (>= 0.0.0)
  java (1.22.0)
  limits (1.0.0)
  logrotate (1.7.0)
  nginx (2.4.4)
    apt (~> 2.2)
    bluepill (~> 2.3)
    build-essential (~> 2.0)
    ohai (~> 1.1)
    runit (~> 1.2)
    yum-epel (~> 0.3)
  ohai (1.1.12)
  primero (0.1.0)
    apt (~> 2.3.8)
    chef-unattended-upgrades (= 1.0.1)
    couchdb (~> 2.5.0)
    limits (>= 0.0.0)
    logrotate (= 1.7.0)
    nginx (~> 2.4.2)
    rvm (~> 0.9.0)
    sudo (~> 2.7.1)
    sysctl (>= 0.0.0)
  rsyslog (1.12.2)
  runit (1.5.10)
    build-essential (>= 0.0.0)
    yum (~> 3.0)
    yum-epel (>= 0.0.0)
  rvm (0.9.2)
    chef_gem (>= 0.0.0)
    java (>= 0.0.0)
  sudo (2.7.1)
  sysctl (0.7.0)
    ohai (>= 0.0.0)
  yum (3.2.0)
  yum-epel (0.3.6)
    yum (~> 3.0)
  yum-erlang_solutions (0.2.2)
    yum (~> 3.2)
